
Microsoft Visual Studio Solution File, Format Version 12.00
# Visual Studio Version 17
VisualStudioVersion = 17.4.33103.184
MinimumVisualStudioVersion = 10.0.40219.1
Project("{9A19103F-16F7-4668-BE54-9A1E7A4F7556}") = "CRM.api", "CRM.api\CRM.api.csproj", "{3069ADAC-39A1-4C46-B69C-3D21A284FB5D}"
EndProject
Project("{9A19103F-16F7-4668-BE54-9A1E7A4F7556}") = "CRM.core", "CRM.core\CRM.core.csproj", "{64A95629-8AA3-4FDF-BE42-C24899C76DF5}"
EndProject
Project("{FAE04EC0-301F-11D3-BF4B-00C04F79EFBC}") = "CRM.test", "CRM.test\CRM.test.csproj", "{F7AF6772-3AFF-46CE-87CD-D8FDD9F251EB}"
EndProject
Global
	GlobalSection(SolutionConfigurationPlatforms) = preSolution
		Debug|Any CPU = Debug|Any CPU
		Release|Any CPU = Release|Any CPU
	EndGlobalSection
	GlobalSection(ProjectConfigurationPlatforms) = postSolution
		{3069ADAC-39A1-4C46-B69C-3D21A284FB5D}.Debug|Any CPU.ActiveCfg = Debug|Any CPU
		{3069ADAC-39A1-4C46-B69C-3D21A284FB5D}.Debug|Any CPU.Build.0 = Debug|Any CPU
		{3069ADAC-39A1-4C46-B69C-3D21A284FB5D}.Release|Any CPU.ActiveCfg = Release|Any CPU
		{3069ADAC-39A1-4C46-B69C-3D21A284FB5D}.Release|Any CPU.Build.0 = Release|Any CPU
		{64A95629-8AA3-4FDF-BE42-C24899C76DF5}.Debug|Any CPU.ActiveCfg = Debug|Any CPU
		{64A95629-8AA3-4FDF-BE42-C24899C76DF5}.Debug|Any CPU.Build.0 = Debug|Any CPU
		{64A95629-8AA3-4FDF-BE42-C24899C76DF5}.Release|Any CPU.ActiveCfg = Release|Any CPU
		{64A95629-8AA3-4FDF-BE42-C24899C76DF5}.Release|Any CPU.Build.0 = Release|Any CPU
		{F7AF6772-3AFF-46CE-87CD-D8FDD9F251EB}.Debug|Any CPU.ActiveCfg = Debug|Any CPU
		{F7AF6772-3AFF-46CE-87CD-D8FDD9F251EB}.Debug|Any CPU.Build.0 = Debug|Any CPU
		{F7AF6772-3AFF-46CE-87CD-D8FDD9F251EB}.Release|Any CPU.ActiveCfg = Release|Any CPU
		{F7AF6772-3AFF-46CE-87CD-D8FDD9F251EB}.Release|Any CPU.Build.0 = Release|Any CPU
	EndGlobalSection
	GlobalSection(SolutionProperties) = preSolution
		HideSolutionNode = FALSE
	EndGlobalSection
	GlobalSection(ExtensibilityGlobals) = postSolution
		SolutionGuid = {5FA0C6D6-3D4B-4E7E-9E7E-C8519DB2BEE7}
	EndGlobalSection
EndGlobal
