
Microsoft Visual Studio Solution File, Format Version 12.00
# Visual Studio Version 17
VisualStudioVersion = 17.4.33103.184
MinimumVisualStudioVersion = 10.0.40219.1
Project("{9A19103F-16F7-4668-BE54-9A1E7A4F7556}") = "CRM.api", "CRM.api\CRM.api.csproj", "{3069ADAC-39A1-4C46-B69C-3D21A284FB5D}"
EndProject
Project("{9A19103F-16F7-4668-BE54-9A1E7A4F7556}") = "CRM.core", "CRM.core\CRM.core.csproj", "{64A95629-8AA3-4FDF-BE42-C24899C76DF5}"
EndProject
Project("{9A19103F-16F7-4668-BE54-9A1E7A4F7556}") = "CRM.test", "CRM.test\CRM.test.csproj", "{F7AF6772-3AFF-46CE-87CD-D8FDD9F251EB}"
EndProject
Project("{2150E333-8FDC-42A3-9474-1A3956D46DE8}") = "src", "src", "{94353C87-758E-4B95-8A6B-0A73147B221F}"
EndProject
Project("{2150E333-8FDC-42A3-9474-1A3956D46DE8}") = "tests", "tests", "{3B3B2E3D-427D-4CC0-9759-7FA0A0B24F94}"
EndProject
Project("{2150E333-8FDC-42A3-9474-1A3956D46DE8}") = "app", "app", "{5C211E29-C6D5-4B0B-9B32-B8D245B5B93E}"
EndProject
Project("{2150E333-8FDC-42A3-9474-1A3956D46DE8}") = "core", "core", "{E8D59D64-57A3-4B7D-8F9A-8B704AC2AE9D}"
EndProject
Project("{2150E333-8FDC-42A3-9474-1A3956D46DE8}") = "infra", "infra", "{20B2037D-E266-4FBE-AB12-CA484B183A11}"
EndProject
Project("{FAE04EC0-301F-11D3-BF4B-00C04F79EFBC}") = "CRM.App.API", "CRM.App.API\CRM.App.API.csproj", "{BDB24964-54D4-44FF-9DEE-2CB3A9DE16FF}"
EndProject
Project("{FAE04EC0-301F-11D3-BF4B-00C04F79EFBC}") = "CRM.Core.Business", "CRM.Core.Business\CRM.Core.Business.csproj", "{6789F11F-D572-4746-89B8-D824F2221272}"
EndProject
Project("{FAE04EC0-301F-11D3-BF4B-00C04F79EFBC}") = "CRM.Core.Domain", "CRM.Core.Domain\CRM.Core.Domain.csproj", "{855F8494-0C92-4BC6-B0CD-C6D64CAE3EDA}"
EndProject
Project("{FAE04EC0-301F-11D3-BF4B-00C04F79EFBC}") = "CRM.Infra.Data", "CRM.Infra.Data\CRM.Infra.Data.csproj", "{DCEE8A50-033D-4C18-AA55-0DA0A4D1BA21}"
EndProject
Global
	GlobalSection(SolutionConfigurationPlatforms) = preSolution
		Debug|Any CPU = Debug|Any CPU
		Release|Any CPU = Release|Any CPU
	EndGlobalSection
	GlobalSection(ProjectConfigurationPlatforms) = postSolution
		{3069ADAC-39A1-4C46-B69C-3D21A284FB5D}.Debug|Any CPU.ActiveCfg = Debug|Any CPU
		{3069ADAC-39A1-4C46-B69C-3D21A284FB5D}.Debug|Any CPU.Build.0 = Debug|Any CPU
		{3069ADAC-39A1-4C46-B69C-3D21A284FB5D}.Release|Any CPU.ActiveCfg = Release|Any CPU
		{3069ADAC-39A1-4C46-B69C-3D21A284FB5D}.Release|Any CPU.Build.0 = Release|Any CPU
		{64A95629-8AA3-4FDF-BE42-C24899C76DF5}.Debug|Any CPU.ActiveCfg = Debug|Any CPU
		{64A95629-8AA3-4FDF-BE42-C24899C76DF5}.Debug|Any CPU.Build.0 = Debug|Any CPU
		{64A95629-8AA3-4FDF-BE42-C24899C76DF5}.Release|Any CPU.ActiveCfg = Release|Any CPU
		{64A95629-8AA3-4FDF-BE42-C24899C76DF5}.Release|Any CPU.Build.0 = Release|Any CPU
		{F7AF6772-3AFF-46CE-87CD-D8FDD9F251EB}.Debug|Any CPU.ActiveCfg = Debug|Any CPU
		{F7AF6772-3AFF-46CE-87CD-D8FDD9F251EB}.Debug|Any CPU.Build.0 = Debug|Any CPU
		{F7AF6772-3AFF-46CE-87CD-D8FDD9F251EB}.Release|Any CPU.ActiveCfg = Release|Any CPU
		{F7AF6772-3AFF-46CE-87CD-D8FDD9F251EB}.Release|Any CPU.Build.0 = Release|Any CPU
		{BDB24964-54D4-44FF-9DEE-2CB3A9DE16FF}.Debug|Any CPU.ActiveCfg = Debug|Any CPU
		{BDB24964-54D4-44FF-9DEE-2CB3A9DE16FF}.Debug|Any CPU.Build.0 = Debug|Any CPU
		{BDB24964-54D4-44FF-9DEE-2CB3A9DE16FF}.Release|Any CPU.ActiveCfg = Release|Any CPU
		{BDB24964-54D4-44FF-9DEE-2CB3A9DE16FF}.Release|Any CPU.Build.0 = Release|Any CPU
		{6789F11F-D572-4746-89B8-D824F2221272}.Debug|Any CPU.ActiveCfg = Debug|Any CPU
		{6789F11F-D572-4746-89B8-D824F2221272}.Debug|Any CPU.Build.0 = Debug|Any CPU
		{6789F11F-D572-4746-89B8-D824F2221272}.Release|Any CPU.ActiveCfg = Release|Any CPU
		{6789F11F-D572-4746-89B8-D824F2221272}.Release|Any CPU.Build.0 = Release|Any CPU
		{855F8494-0C92-4BC6-B0CD-C6D64CAE3EDA}.Debug|Any CPU.ActiveCfg = Debug|Any CPU
		{855F8494-0C92-4BC6-B0CD-C6D64CAE3EDA}.Debug|Any CPU.Build.0 = Debug|Any CPU
		{855F8494-0C92-4BC6-B0CD-C6D64CAE3EDA}.Release|Any CPU.ActiveCfg = Release|Any CPU
		{855F8494-0C92-4BC6-B0CD-C6D64CAE3EDA}.Release|Any CPU.Build.0 = Release|Any CPU
		{DCEE8A50-033D-4C18-AA55-0DA0A4D1BA21}.Debug|Any CPU.ActiveCfg = Debug|Any CPU
		{DCEE8A50-033D-4C18-AA55-0DA0A4D1BA21}.Debug|Any CPU.Build.0 = Debug|Any CPU
		{DCEE8A50-033D-4C18-AA55-0DA0A4D1BA21}.Release|Any CPU.ActiveCfg = Release|Any CPU
		{DCEE8A50-033D-4C18-AA55-0DA0A4D1BA21}.Release|Any CPU.Build.0 = Release|Any CPU
	EndGlobalSection
	GlobalSection(SolutionProperties) = preSolution
		HideSolutionNode = FALSE
	EndGlobalSection
	GlobalSection(NestedProjects) = preSolution
		{5C211E29-C6D5-4B0B-9B32-B8D245B5B93E} = {94353C87-758E-4B95-8A6B-0A73147B221F}
		{E8D59D64-57A3-4B7D-8F9A-8B704AC2AE9D} = {94353C87-758E-4B95-8A6B-0A73147B221F}
		{20B2037D-E266-4FBE-AB12-CA484B183A11} = {94353C87-758E-4B95-8A6B-0A73147B221F}
		{BDB24964-54D4-44FF-9DEE-2CB3A9DE16FF} = {5C211E29-C6D5-4B0B-9B32-B8D245B5B93E}
		{6789F11F-D572-4746-89B8-D824F2221272} = {E8D59D64-57A3-4B7D-8F9A-8B704AC2AE9D}
		{855F8494-0C92-4BC6-B0CD-C6D64CAE3EDA} = {E8D59D64-57A3-4B7D-8F9A-8B704AC2AE9D}
		{DCEE8A50-033D-4C18-AA55-0DA0A4D1BA21} = {20B2037D-E266-4FBE-AB12-CA484B183A11}
	EndGlobalSection
	GlobalSection(ExtensibilityGlobals) = postSolution
		SolutionGuid = {5FA0C6D6-3D4B-4E7E-9E7E-C8519DB2BEE7}
	EndGlobalSection
EndGlobal
